<?xml version="1.0" encoding="utf-8"?>
<Project ToolsVersion="4.0" xmlns="http://schemas.microsoft.com/developer/msbuild/2003">
  <ItemGroup>
    <Filter Include="源文件">
      <UniqueIdentifier>{4FC737F1-C7A5-4376-A066-2A32D752A2FF}</UniqueIdentifier>
      <Extensions>cpp;c;cc;cxx;def;odl;idl;hpj;bat;asm;asmx</Extensions>
    </Filter>
    <Filter Include="头文件">
      <UniqueIdentifier>{93995380-89BD-4b04-88EB-625FBE52EBFB}</UniqueIdentifier>
      <Extensions>h;hh;hpp;hxx;hm;inl;inc;xsd</Extensions>
    </Filter>
    <Filter Include="资源文件">
      <UniqueIdentifier>{67DA6AB6-F800-4c08-8B7A-83BB121AAD01}</UniqueIdentifier>
      <Extensions>rc;ico;cur;bmp;dlg;rc2;rct;bin;rgs;gif;jpg;jpeg;jpe;resx;tiff;tif;png;wav;mfcribbon-ms</Extensions>
    </Filter>
  </ItemGroup>
  <ItemGroup>
    <ClCompile Include="Main.cpp">
      <Filter>源文件</Filter>
    </ClCompile>
    <ClCompile Include="CarPedDetector.cpp">
      <Filter>源文件</Filter>
    </ClCompile>
    <ClCompile Include="CornerFinder.cpp">
      <Filter>源文件</Filter>
    </ClCompile>
    <ClCompile Include="MFTracker.cpp">
      <Filter>源文件</Filter>
    </ClCompile>
    <ClCompile Include="MoGFGDetector.cpp">
      <Filter>源文件</Filter>
    </ClCompile>
    <ClCompile Include="Monitor.cpp">
      <Filter>源文件</Filter>
    </ClCompile>
    <ClCompile Include="StrongTreeClassifier.cpp">
      <Filter>源文件</Filter>
    </ClCompile>
    <ClCompile Include="Object.cpp">
      <Filter>源文件</Filter>
    </ClCompile>
    <ClCompile Include="SceneRecognition.cpp">
      <Filter>源文件</Filter>
    </ClCompile>
    <ClCompile Include="GetFeatureAll.cpp">
      <Filter>源文件</Filter>
    </ClCompile>
    <ClCompile Include="MeanShiftFunc.cpp">
      <Filter>源文件</Filter>
    </ClCompile>
    <ClCompile Include="MeanShiftClustering.cpp">
      <Filter>源文件</Filter>
    </ClCompile>
    <ClCompile Include="GetFeatureEach.cpp">
      <Filter>源文件</Filter>
    </ClCompile>
  </ItemGroup>
  <ItemGroup>
    <ClInclude Include="CarPedDetector.h">
      <Filter>头文件</Filter>
    </ClInclude>
    <ClInclude Include="clude.h">
      <Filter>头文件</Filter>
    </ClInclude>
    <ClInclude Include="CornerFinder.h">
      <Filter>头文件</Filter>
    </ClInclude>
    <ClInclude Include="Global.h">
      <Filter>头文件</Filter>
    </ClInclude>
    <ClInclude Include="MFTracker.h">
      <Filter>头文件</Filter>
    </ClInclude>
    <ClInclude Include="MoGFGDetector.h">
      <Filter>头文件</Filter>
    </ClInclude>
    <ClInclude Include="Monitor.h">
      <Filter>头文件</Filter>
    </ClInclude>
    <ClInclude Include="Rule.h">
      <Filter>头文件</Filter>
    </ClInclude>
    <ClInclude Include="StrongTreeClassifier.h">
      <Filter>头文件</Filter>
    </ClInclude>
    <ClInclude Include="Object.h">
      <Filter>头文件</Filter>
    </ClInclude>
    <ClInclude Include="item.h">
      <Filter>头文件</Filter>
    </ClInclude>
    <ClInclude Include="GetFeatureAll.h">
      <Filter>头文件</Filter>
    </ClInclude>
    <ClInclude Include="MeanShiftClustering.h">
      <Filter>头文件</Filter>
    </ClInclude>
    <ClInclude Include="MeanShiftFunc.h">
      <Filter>头文件</Filter>
    </ClInclude>
    <ClInclude Include="GetFeatureEach.h">
      <Filter>头文件</Filter>
    </ClInclude>
  </ItemGroup>
</Project>